
Microsoft Visual Studio Solution File, Format Version 12.00
# Visual Studio Version 17
VisualStudioVersion = 17.6.33723.286
MinimumVisualStudioVersion = 10.0.40219.1
Project("{FAE04EC0-301F-11D3-BF4B-00C04F79EFBC}") = "EntityFramework", "EntityFramework\EntityFramework.csproj", "{3AC3A16A-97BA-4F42-9E19-FBDDC7EDEBBA}"
EndProject
Global
	GlobalSection(SolutionConfigurationPlatforms) = preSolution
		Debug|Any CPU = Debug|Any CPU
		Release|Any CPU = Release|Any CPU
	EndGlobalSection
	GlobalSection(ProjectConfigurationPlatforms) = postSolution
		{3AC3A16A-97BA-4F42-9E19-FBDDC7EDEBBA}.Debug|Any CPU.ActiveCfg = Debug|Any CPU
		{3AC3A16A-97BA-4F42-9E19-FBDDC7EDEBBA}.Debug|Any CPU.Build.0 = Debug|Any CPU
		{3AC3A16A-97BA-4F42-9E19-FBDDC7EDEBBA}.Release|Any CPU.ActiveCfg = Release|Any CPU
		{3AC3A16A-97BA-4F42-9E19-FBDDC7EDEBBA}.Release|Any CPU.Build.0 = Release|Any CPU
	EndGlobalSection
	GlobalSection(SolutionProperties) = preSolution
		HideSolutionNode = FALSE
	EndGlobalSection
	GlobalSection(ExtensibilityGlobals) = postSolution
		SolutionGuid = {F6659906-922A-455B-9E70-20C64051A6D0}
	EndGlobalSection
EndGlobal
