
Microsoft Visual Studio Solution File, Format Version 12.00
# Visual Studio Version 17
VisualStudioVersion = 17.6.33723.286
MinimumVisualStudioVersion = 10.0.40219.1
Project("{FAE04EC0-301F-11D3-BF4B-00C04F79EFBC}") = "AspNet", "AspNet\AspNet.csproj", "{438D71B3-4B63-4321-B4F7-4E7CDF12F703}"
EndProject
Global
	GlobalSection(SolutionConfigurationPlatforms) = preSolution
		Debug|Any CPU = Debug|Any CPU
		Release|Any CPU = Release|Any CPU
	EndGlobalSection
	GlobalSection(ProjectConfigurationPlatforms) = postSolution
		{438D71B3-4B63-4321-B4F7-4E7CDF12F703}.Debug|Any CPU.ActiveCfg = Debug|Any CPU
		{438D71B3-4B63-4321-B4F7-4E7CDF12F703}.Debug|Any CPU.Build.0 = Debug|Any CPU
		{438D71B3-4B63-4321-B4F7-4E7CDF12F703}.Release|Any CPU.ActiveCfg = Release|Any CPU
		{438D71B3-4B63-4321-B4F7-4E7CDF12F703}.Release|Any CPU.Build.0 = Release|Any CPU
	EndGlobalSection
	GlobalSection(SolutionProperties) = preSolution
		HideSolutionNode = FALSE
	EndGlobalSection
	GlobalSection(ExtensibilityGlobals) = postSolution
		SolutionGuid = {78554C05-34DF-46AF-8EBB-80EB6731BAD1}
	EndGlobalSection
EndGlobal
